// !$*UTF8*$!
{
	archiveVersion = 1;
	classes = {
	};
	objectVersion = 56;
	objects = {

/* Begin PBXBuildFile section */
		BCC3B8B52BDF916400389C6E /* AI_Text_To_Image_GenerationApp.swift in Sources */ = {isa = PBXBuildFile; fileRef = BCC3B8B42BDF916400389C6E /* AI_Text_To_Image_GenerationApp.swift */; };
		BCC3B8B72BDF916400389C6E /* ContentView.swift in Sources */ = {isa = PBXBuildFile; fileRef = BCC3B8B62BDF916400389C6E /* ContentView.swift */; };
		BCC3B8B92BDF916500389C6E /* Assets.xcassets in Resources */ = {isa = PBXBuildFile; fileRef = BCC3B8B82BDF916500389C6E /* Assets.xcassets */; };
		BCC3B8BC2BDF916500389C6E /* Preview Assets.xcassets in Resources */ = {isa = PBXBuildFile; fileRef = BCC3B8BB2BDF916500389C6E /* Preview Assets.xcassets */; };
		BCC3B8C42BDF91A300389C6E /* ImageStyle.swift in Sources */ = {isa = PBXBuildFile; fileRef = BCC3B8C32BDF91A300389C6E /* ImageStyle.swift */; };
		BCC3B8C72BDF9A5200389C6E /* WelcomeView.swift in Sources */ = {isa = PBXBuildFile; fileRef = BCC3B8C62BDF9A5200389C6E /* WelcomeView.swift */; };
		BCC3B8CA2BDFB09C00389C6E /* GeneratorView.swift in Sources */ = {isa = PBXBuildFile; fileRef = BCC3B8C92BDFB09C00389C6E /* GeneratorView.swift */; };
/* End PBXBuildFile section */

/* Begin PBXFileReference section */
		BCC3B8B12BDF916400389C6E /* AI Text-To-Image Generation.app */ = {isa = PBXFileReference; explicitFileType = wrapper.application; includeInIndex = 0; path = "AI Text-To-Image Generation.app"; sourceTree = BUILT_PRODUCTS_DIR; };
		BCC3B8B42BDF916400389C6E /* AI_Text_To_Image_GenerationApp.swift */ = {isa = PBXFileReference; lastKnownFileType = sourcecode.swift; path = AI_Text_To_Image_GenerationApp.swift; sourceTree = "<group>"; };
		BCC3B8B62BDF916400389C6E /* ContentView.swift */ = {isa = PBXFileReference; lastKnownFileType = sourcecode.swift; path = ContentView.swift; sourceTree = "<group>"; };
		BCC3B8B82BDF916500389C6E /* Assets.xcassets */ = {isa = PBXFileReference; lastKnownFileType = folder.assetcatalog; path = Assets.xcassets; sourceTree = "<group>"; };
		BCC3B8BB2BDF916500389C6E /* Preview Assets.xcassets */ = {isa = PBXFileReference; lastKnownFileType = folder.assetcatalog; path = "Preview Assets.xcassets"; sourceTree = "<group>"; };
		BCC3B8C32BDF91A300389C6E /* ImageStyle.swift */ = {isa = PBXFileReference; lastKnownFileType = sourcecode.swift; path = ImageStyle.swift; sourceTree = "<group>"; };
		BCC3B8C62BDF9A5200389C6E /* WelcomeView.swift */ = {isa = PBXFileReference; lastKnownFileType = sourcecode.swift; path = WelcomeView.swift; sourceTree = "<group>"; };
		BCC3B8C92BDFB09C00389C6E /* GeneratorView.swift */ = {isa = PBXFileReference; lastKnownFileType = sourcecode.swift; path = GeneratorView.swift; sourceTree = "<group>"; };
/* End PBXFileReference section */

/* Begin PBXFrameworksBuildPhase section */
		BCC3B8AE2BDF916400389C6E /* Frameworks */ = {
			isa = PBXFrameworksBuildPhase;
			buildActionMask = 2147483647;
			files = (
			);
			runOnlyForDeploymentPostprocessing = 0;
		};
/* End PBXFrameworksBuildPhase section */

/* Begin PBXGroup section */
		BCC3B8A82BDF916400389C6E = {
			isa = PBXGroup;
			children = (
				BCC3B8B32BDF916400389C6E /* AI Text-To-Image Generation */,
				BCC3B8B22BDF916400389C6E /* Products */,
			);
			sourceTree = "<group>";
		};
		BCC3B8B22BDF916400389C6E /* Products */ = {
			isa = PBXGroup;
			children = (
				BCC3B8B12BDF916400389C6E /* AI Text-To-Image Generation.app */,
			);
			name = Products;
			sourceTree = "<group>";
		};
		BCC3B8B32BDF916400389C6E /* AI Text-To-Image Generation */ = {
			isa = PBXGroup;
			children = (
				BCC3B8C22BDF917400389C6E /* Root */,
				BCC3B8C52BDF9A4300389C6E /* Views */,
				BCC3B8CB2BDFB38F00389C6E /* Models */,
				BCC3B8C82BDF9F0700389C6E /* Data */,
				BCC3B8B82BDF916500389C6E /* Assets.xcassets */,
				BCC3B8BA2BDF916500389C6E /* Preview Content */,
			);
			path = "AI Text-To-Image Generation";
			sourceTree = "<group>";
		};
		BCC3B8BA2BDF916500389C6E /* Preview Content */ = {
			isa = PBXGroup;
			children = (
				BCC3B8BB2BDF916500389C6E /* Preview Assets.xcassets */,
			);
			path = "Preview Content";
			sourceTree = "<group>";
		};
		BCC3B8C22BDF917400389C6E /* Root */ = {
			isa = PBXGroup;
			children = (
				BCC3B8B42BDF916400389C6E /* AI_Text_To_Image_GenerationApp.swift */,
			);
			path = Root;
			sourceTree = "<group>";
		};
		BCC3B8C52BDF9A4300389C6E /* Views */ = {
			isa = PBXGroup;
			children = (
				BCC3B8C62BDF9A5200389C6E /* WelcomeView.swift */,
				BCC3B8B62BDF916400389C6E /* ContentView.swift */,
				BCC3B8C92BDFB09C00389C6E /* GeneratorView.swift */,
			);
			path = Views;
			sourceTree = "<group>";
		};
		BCC3B8C82BDF9F0700389C6E /* Data */ = {
			isa = PBXGroup;
			children = (
				BCC3B8C32BDF91A300389C6E /* ImageStyle.swift */,
			);
			path = Data;
			sourceTree = "<group>";
		};
		BCC3B8CB2BDFB38F00389C6E /* Models */ = {
			isa = PBXGroup;
			children = (
			);
			path = Models;
			sourceTree = "<group>";
		};
/* End PBXGroup section */

/* Begin PBXNativeTarget section */
		BCC3B8B02BDF916400389C6E /* AI Text-To-Image Generation */ = {
			isa = PBXNativeTarget;
			buildConfigurationList = BCC3B8BF2BDF916500389C6E /* Build configuration list for PBXNativeTarget "AI Text-To-Image Generation" */;
			buildPhases = (
				BCC3B8AD2BDF916400389C6E /* Sources */,
				BCC3B8AE2BDF916400389C6E /* Frameworks */,
				BCC3B8AF2BDF916400389C6E /* Resources */,
			);
			buildRules = (
			);
			dependencies = (
			);
			name = "AI Text-To-Image Generation";
			packageProductDependencies = (
			);
			productName = "AI Text-To-Image Generation";
			productReference = BCC3B8B12BDF916400389C6E /* AI Text-To-Image Generation.app */;
			productType = "com.apple.product-type.application";
		};
/* End PBXNativeTarget section */

/* Begin PBXProject section */
		BCC3B8A92BDF916400389C6E /* Project object */ = {
			isa = PBXProject;
			attributes = {
				BuildIndependentTargetsInParallel = 1;
				LastSwiftUpdateCheck = 1510;
				LastUpgradeCheck = 1510;
				TargetAttributes = {
					BCC3B8B02BDF916400389C6E = {
						CreatedOnToolsVersion = 15.1;
					};
				};
			};
			buildConfigurationList = BCC3B8AC2BDF916400389C6E /* Build configuration list for PBXProject "AI Text-To-Image Generation" */;
			compatibilityVersion = "Xcode 14.0";
			developmentRegion = en;
			hasScannedForEncodings = 0;
			knownRegions = (
				en,
				Base,
			);
			mainGroup = BCC3B8A82BDF916400389C6E;
			packageReferences = (
			);
			productRefGroup = BCC3B8B22BDF916400389C6E /* Products */;
			projectDirPath = "";
			projectRoot = "";
			targets = (
				BCC3B8B02BDF916400389C6E /* AI Text-To-Image Generation */,
			);
		};
/* End PBXProject section */

/* Begin PBXResourcesBuildPhase section */
		BCC3B8AF2BDF916400389C6E /* Resources */ = {
			isa = PBXResourcesBuildPhase;
			buildActionMask = 2147483647;
			files = (
				BCC3B8BC2BDF916500389C6E /* Preview Assets.xcassets in Resources */,
				BCC3B8B92BDF916500389C6E /* Assets.xcassets in Resources */,
			);
			runOnlyForDeploymentPostprocessing = 0;
		};
/* End PBXResourcesBuildPhase section */

/* Begin PBXSourcesBuildPhase section */
		BCC3B8AD2BDF916400389C6E /* Sources */ = {
			isa = PBXSourcesBuildPhase;
			buildActionMask = 2147483647;
			files = (
				BCC3B8C42BDF91A300389C6E /* ImageStyle.swift in Sources */,
				BCC3B8B72BDF916400389C6E /* ContentView.swift in Sources */,
				BCC3B8B52BDF916400389C6E /* AI_Text_To_Image_GenerationApp.swift in Sources */,
				BCC3B8C72BDF9A5200389C6E /* WelcomeView.swift in Sources */,
				BCC3B8CA2BDFB09C00389C6E /* GeneratorView.swift in Sources */,
			);
			runOnlyForDeploymentPostprocessing = 0;
		};
/* End PBXSourcesBuildPhase section */

/* Begin XCBuildConfiguration section */
		BCC3B8BD2BDF916500389C6E /* Debug */ = {
			isa = XCBuildConfiguration;
			buildSettings = {
				ALWAYS_SEARCH_USER_PATHS = NO;
				ASSETCATALOG_COMPILER_GENERATE_SWIFT_ASSET_SYMBOL_EXTENSIONS = YES;
				CLANG_ANALYZER_NONNULL = YES;
				CLANG_ANALYZER_NUMBER_OBJECT_CONVERSION = YES_AGGRESSIVE;
				CLANG_CXX_LANGUAGE_STANDARD = "gnu++20";
				CLANG_ENABLE_MODULES = YES;
				CLANG_ENABLE_OBJC_ARC = YES;
				CLANG_ENABLE_OBJC_WEAK = YES;
				CLANG_WARN_BLOCK_CAPTURE_AUTORELEASING = YES;
				CLANG_WARN_BOOL_CONVERSION = YES;
				CLANG_WARN_COMMA = YES;
				CLANG_WARN_CONSTANT_CONVERSION = YES;
				CLANG_WARN_DEPRECATED_OBJC_IMPLEMENTATIONS = YES;
				CLANG_WARN_DIRECT_OBJC_ISA_USAGE = YES_ERROR;
				CLANG_WARN_DOCUMENTATION_COMMENTS = YES;
				CLANG_WARN_EMPTY_BODY = YES;
				CLANG_WARN_ENUM_CONVERSION = YES;
				CLANG_WARN_INFINITE_RECURSION = YES;
				CLANG_WARN_INT_CONVERSION = YES;
				CLANG_WARN_NON_LITERAL_NULL_CONVERSION = YES;
				CLANG_WARN_OBJC_IMPLICIT_RETAIN_SELF = YES;
				CLANG_WARN_OBJC_LITERAL_CONVERSION = YES;
				CLANG_WARN_OBJC_ROOT_CLASS = YES_ERROR;
				CLANG_WARN_QUOTED_INCLUDE_IN_FRAMEWORK_HEADER = YES;
				CLANG_WARN_RANGE_LOOP_ANALYSIS = YES;
				CLANG_WARN_STRICT_PROTOTYPES = YES;
				CLANG_WARN_SUSPICIOUS_MOVE = YES;
				CLANG_WARN_UNGUARDED_AVAILABILITY = YES_AGGRESSIVE;
				CLANG_WARN_UNREACHABLE_CODE = YES;
				CLANG_WARN__DUPLICATE_METHOD_MATCH = YES;
				COPY_PHASE_STRIP = NO;
				DEBUG_INFORMATION_FORMAT = dwarf;
				ENABLE_STRICT_OBJC_MSGSEND = YES;
				ENABLE_TESTABILITY = YES;
				ENABLE_USER_SCRIPT_SANDBOXING = YES;
				GCC_C_LANGUAGE_STANDARD = gnu17;
				GCC_DYNAMIC_NO_PIC = NO;
				GCC_NO_COMMON_BLOCKS = YES;
				GCC_OPTIMIZATION_LEVEL = 0;
				GCC_PREPROCESSOR_DEFINITIONS = (
					"DEBUG=1",
					"$(inherited)",
				);
				GCC_WARN_64_TO_32_BIT_CONVERSION = YES;
				GCC_WARN_ABOUT_RETURN_TYPE = YES_ERROR;
				GCC_WARN_UNDECLARED_SELECTOR = YES;
				GCC_WARN_UNINITIALIZED_AUTOS = YES_AGGRESSIVE;
				GCC_WARN_UNUSED_FUNCTION = YES;
				GCC_WARN_UNUSED_VARIABLE = YES;
				IPHONEOS_DEPLOYMENT_TARGET = 17.2;
				LOCALIZATION_PREFERS_STRING_CATALOGS = YES;
				MTL_ENABLE_DEBUG_INFO = INCLUDE_SOURCE;
				MTL_FAST_MATH = YES;
				ONLY_ACTIVE_ARCH = YES;
				SDKROOT = iphoneos;
				SWIFT_ACTIVE_COMPILATION_CONDITIONS = "DEBUG $(inherited)";
				SWIFT_OPTIMIZATION_LEVEL = "-Onone";
			};
			name = Debug;
		};
		BCC3B8BE2BDF916500389C6E /* Release */ = {
			isa = XCBuildConfiguration;
			buildSettings = {
				ALWAYS_SEARCH_USER_PATHS = NO;
				ASSETCATALOG_COMPILER_GENERATE_SWIFT_ASSET_SYMBOL_EXTENSIONS = YES;
				CLANG_ANALYZER_NONNULL = YES;
				CLANG_ANALYZER_NUMBER_OBJECT_CONVERSION = YES_AGGRESSIVE;
				CLANG_CXX_LANGUAGE_STANDARD = "gnu++20";
				CLANG_ENABLE_MODULES = YES;
				CLANG_ENABLE_OBJC_ARC = YES;
				CLANG_ENABLE_OBJC_WEAK = YES;
				CLANG_WARN_BLOCK_CAPTURE_AUTORELEASING = YES;
				CLANG_WARN_BOOL_CONVERSION = YES;
				CLANG_WARN_COMMA = YES;
				CLANG_WARN_CONSTANT_CONVERSION = YES;
				CLANG_WARN_DEPRECATED_OBJC_IMPLEMENTATIONS = YES;
				CLANG_WARN_DIRECT_OBJC_ISA_USAGE = YES_ERROR;
				CLANG_WARN_DOCUMENTATION_COMMENTS = YES;
				CLANG_WARN_EMPTY_BODY = YES;
				CLANG_WARN_ENUM_CONVERSION = YES;
				CLANG_WARN_INFINITE_RECURSION = YES;
				CLANG_WARN_INT_CONVERSION = YES;
				CLANG_WARN_NON_LITERAL_NULL_CONVERSION = YES;
				CLANG_WARN_OBJC_IMPLICIT_RETAIN_SELF = YES;
				CLANG_WARN_OBJC_LITERAL_CONVERSION = YES;
				CLANG_WARN_OBJC_ROOT_CLASS = YES_ERROR;
				CLANG_WARN_QUOTED_INCLUDE_IN_FRAMEWORK_HEADER = YES;
				CLANG_WARN_RANGE_LOOP_ANALYSIS = YES;
				CLANG_WARN_STRICT_PROTOTYPES = YES;
				CLANG_WARN_SUSPICIOUS_MOVE = YES;
				CLANG_WARN_UNGUARDED_AVAILABILITY = YES_AGGRESSIVE;
				CLANG_WARN_UNREACHABLE_CODE = YES;
				CLANG_WARN__DUPLICATE_METHOD_MATCH = YES;
				COPY_PHASE_STRIP = NO;
				DEBUG_INFORMATION_FORMAT = "dwarf-with-dsym";
				ENABLE_NS_ASSERTIONS = NO;
				ENABLE_STRICT_OBJC_MSGSEND = YES;
				ENABLE_USER_SCRIPT_SANDBOXING = YES;
				GCC_C_LANGUAGE_STANDARD = gnu17;
				GCC_NO_COMMON_BLOCKS = YES;
				GCC_WARN_64_TO_32_BIT_CONVERSION = YES;
				GCC_WARN_ABOUT_RETURN_TYPE = YES_ERROR;
				GCC_WARN_UNDECLARED_SELECTOR = YES;
				GCC_WARN_UNINITIALIZED_AUTOS = YES_AGGRESSIVE;
				GCC_WARN_UNUSED_FUNCTION = YES;
				GCC_WARN_UNUSED_VARIABLE = YES;
				IPHONEOS_DEPLOYMENT_TARGET = 17.2;
				LOCALIZATION_PREFERS_STRING_CATALOGS = YES;
				MTL_ENABLE_DEBUG_INFO = NO;
				MTL_FAST_MATH = YES;
				SDKROOT = iphoneos;
				SWIFT_COMPILATION_MODE = wholemodule;
				VALIDATE_PRODUCT = YES;
			};
			name = Release;
		};
		BCC3B8C02BDF916500389C6E /* Debug */ = {
			isa = XCBuildConfiguration;
			buildSettings = {
				ASSETCATALOG_COMPILER_APPICON_NAME = AppIcon;
				ASSETCATALOG_COMPILER_GLOBAL_ACCENT_COLOR_NAME = AccentColor;
				CODE_SIGN_STYLE = Automatic;
				CURRENT_PROJECT_VERSION = 1;
				DEVELOPMENT_ASSET_PATHS = "\"AI Text-To-Image Generation/Preview Content\"";
				DEVELOPMENT_TEAM = 2PWGJZG35F;
				ENABLE_PREVIEWS = YES;
				GENERATE_INFOPLIST_FILE = YES;
				INFOPLIST_KEY_UIApplicationSceneManifest_Generation = YES;
				INFOPLIST_KEY_UIApplicationSupportsIndirectInputEvents = YES;
				INFOPLIST_KEY_UILaunchScreen_Generation = YES;
				INFOPLIST_KEY_UISupportedInterfaceOrientations_iPad = "UIInterfaceOrientationPortrait UIInterfaceOrientationPortraitUpsideDown UIInterfaceOrientationLandscapeLeft UIInterfaceOrientationLandscapeRight";
				INFOPLIST_KEY_UISupportedInterfaceOrientations_iPhone = "UIInterfaceOrientationPortrait UIInterfaceOrientationLandscapeLeft UIInterfaceOrientationLandscapeRight";
				LD_RUNPATH_SEARCH_PATHS = (
					"$(inherited)",
					"@executable_path/Frameworks",
				);
				MARKETING_VERSION = 1.0;
				PRODUCT_BUNDLE_IDENTIFIER = "app.enes.AI-Text-To-Image-Generation";
				PRODUCT_NAME = "$(TARGET_NAME)";
				SWIFT_EMIT_LOC_STRINGS = YES;
				SWIFT_VERSION = 5.0;
				TARGETED_DEVICE_FAMILY = "1,2";
			};
			name = Debug;
		};
		BCC3B8C12BDF916500389C6E /* Release */ = {
			isa = XCBuildConfiguration;
			buildSettings = {
				ASSETCATALOG_COMPILER_APPICON_NAME = AppIcon;
				ASSETCATALOG_COMPILER_GLOBAL_ACCENT_COLOR_NAME = AccentColor;
				CODE_SIGN_STYLE = Automatic;
				CURRENT_PROJECT_VERSION = 1;
				DEVELOPMENT_ASSET_PATHS = "\"AI Text-To-Image Generation/Preview Content\"";
				DEVELOPMENT_TEAM = 2PWGJZG35F;
				ENABLE_PREVIEWS = YES;
				GENERATE_INFOPLIST_FILE = YES;
				INFOPLIST_KEY_UIApplicationSceneManifest_Generation = YES;
				INFOPLIST_KEY_UIApplicationSupportsIndirectInputEvents = YES;
				INFOPLIST_KEY_UILaunchScreen_Generation = YES;
				INFOPLIST_KEY_UISupportedInterfaceOrientations_iPad = "UIInterfaceOrientationPortrait UIInterfaceOrientationPortraitUpsideDown UIInterfaceOrientationLandscapeLeft UIInterfaceOrientationLandscapeRight";
				INFOPLIST_KEY_UISupportedInterfaceOrientations_iPhone = "UIInterfaceOrientationPortrait UIInterfaceOrientationLandscapeLeft UIInterfaceOrientationLandscapeRight";
				LD_RUNPATH_SEARCH_PATHS = (
					"$(inherited)",
					"@executable_path/Frameworks",
				);
				MARKETING_VERSION = 1.0;
				PRODUCT_BUNDLE_IDENTIFIER = "app.enes.AI-Text-To-Image-Generation";
				PRODUCT_NAME = "$(TARGET_NAME)";
				SWIFT_EMIT_LOC_STRINGS = YES;
				SWIFT_VERSION = 5.0;
				TARGETED_DEVICE_FAMILY = "1,2";
			};
			name = Release;
		};
/* End XCBuildConfiguration section */

/* Begin XCConfigurationList section */
		BCC3B8AC2BDF916400389C6E /* Build configuration list for PBXProject "AI Text-To-Image Generation" */ = {
			isa = XCConfigurationList;
			buildConfigurations = (
				BCC3B8BD2BDF916500389C6E /* Debug */,
				BCC3B8BE2BDF916500389C6E /* Release */,
			);
			defaultConfigurationIsVisible = 0;
			defaultConfigurationName = Release;
		};
		BCC3B8BF2BDF916500389C6E /* Build configuration list for PBXNativeTarget "AI Text-To-Image Generation" */ = {
			isa = XCConfigurationList;
			buildConfigurations = (
				BCC3B8C02BDF916500389C6E /* Debug */,
				BCC3B8C12BDF916500389C6E /* Release */,
			);
			defaultConfigurationIsVisible = 0;
			defaultConfigurationName = Release;
		};
/* End XCConfigurationList section */
	};
	rootObject = BCC3B8A92BDF916400389C6E /* Project object */;
}
